
Microsoft Visual Studio Solution File, Format Version 12.00
# Visual Studio Version 17
VisualStudioVersion = 17.1.32319.34
MinimumVisualStudioVersion = 10.0.40219.1
Project("{FAE04EC0-301F-11D3-BF4B-00C04F79EFBC}") = "AuthorizationApi", "AuthorizationApi\AuthorizationApi.csproj", "{7EEB1149-9E75-4717-84EB-E2A9B4BF3EC9}"
EndProject
Global
	GlobalSection(SolutionConfigurationPlatforms) = preSolution
		Debug|Any CPU = Debug|Any CPU
		Release|Any CPU = Release|Any CPU
	EndGlobalSection
	GlobalSection(ProjectConfigurationPlatforms) = postSolution
		{7EEB1149-9E75-4717-84EB-E2A9B4BF3EC9}.Debug|Any CPU.ActiveCfg = Debug|Any CPU
		{7EEB1149-9E75-4717-84EB-E2A9B4BF3EC9}.Debug|Any CPU.Build.0 = Debug|Any CPU
		{7EEB1149-9E75-4717-84EB-E2A9B4BF3EC9}.Release|Any CPU.ActiveCfg = Release|Any CPU
		{7EEB1149-9E75-4717-84EB-E2A9B4BF3EC9}.Release|Any CPU.Build.0 = Release|Any CPU
	EndGlobalSection
	GlobalSection(SolutionProperties) = preSolution
		HideSolutionNode = FALSE
	EndGlobalSection
	GlobalSection(ExtensibilityGlobals) = postSolution
		SolutionGuid = {050612F3-0D4F-4AEC-B28A-4DD2648EF4B5}
	EndGlobalSection
EndGlobal
